
Microsoft Visual Studio Solution File, Format Version 12.00
# Visual Studio Version 17
VisualStudioVersion = 17.10.35027.167
MinimumVisualStudioVersion = 10.0.40219.1
Project("{FAE04EC0-301F-11D3-BF4B-00C04F79EFBC}") = "Model", "Model\Model.csproj", "{8A717F7D-60E9-4057-92C1-C173462C7121}"
EndProject
Project("{FAE04EC0-301F-11D3-BF4B-00C04F79EFBC}") = "Controller", "Controller\Controller.csproj", "{B9789FDC-354A-49E3-807D-C2444E262628}"
EndProject
Project("{9A19103F-16F7-4668-BE54-9A1E7A4F7556}") = "View", "View\View.csproj", "{9560666B-59B0-4BB2-9022-9727C9802577}"
EndProject
Global
	GlobalSection(SolutionConfigurationPlatforms) = preSolution
		Debug|Any CPU = Debug|Any CPU
		Release|Any CPU = Release|Any CPU
	EndGlobalSection
	GlobalSection(ProjectConfigurationPlatforms) = postSolution
		{8A717F7D-60E9-4057-92C1-C173462C7121}.Debug|Any CPU.ActiveCfg = Debug|Any CPU
		{8A717F7D-60E9-4057-92C1-C173462C7121}.Debug|Any CPU.Build.0 = Debug|Any CPU
		{8A717F7D-60E9-4057-92C1-C173462C7121}.Release|Any CPU.ActiveCfg = Release|Any CPU
		{8A717F7D-60E9-4057-92C1-C173462C7121}.Release|Any CPU.Build.0 = Release|Any CPU
		{B9789FDC-354A-49E3-807D-C2444E262628}.Debug|Any CPU.ActiveCfg = Debug|Any CPU
		{B9789FDC-354A-49E3-807D-C2444E262628}.Debug|Any CPU.Build.0 = Debug|Any CPU
		{B9789FDC-354A-49E3-807D-C2444E262628}.Release|Any CPU.ActiveCfg = Release|Any CPU
		{B9789FDC-354A-49E3-807D-C2444E262628}.Release|Any CPU.Build.0 = Release|Any CPU
		{9560666B-59B0-4BB2-9022-9727C9802577}.Debug|Any CPU.ActiveCfg = Debug|Any CPU
		{9560666B-59B0-4BB2-9022-9727C9802577}.Debug|Any CPU.Build.0 = Debug|Any CPU
		{9560666B-59B0-4BB2-9022-9727C9802577}.Release|Any CPU.ActiveCfg = Release|Any CPU
		{9560666B-59B0-4BB2-9022-9727C9802577}.Release|Any CPU.Build.0 = Release|Any CPU
	EndGlobalSection
	GlobalSection(SolutionProperties) = preSolution
		HideSolutionNode = FALSE
	EndGlobalSection
	GlobalSection(ExtensibilityGlobals) = postSolution
		SolutionGuid = {03959381-225A-4E36-92AE-469F3FABF7E8}
	EndGlobalSection
EndGlobal
